// !$*UTF8*$!
{
	archiveVersion = 1;
	classes = {
	};
	objectVersion = 46;
	objects = {

/* Begin PBXBuildFile section */
		AB2C537C1F8B67DA00582140 /* WebviewViewController.swift in Sources */ = {isa = PBXBuildFile; fileRef = AB2C537B1F8B67DA00582140 /* WebviewViewController.swift */; };
		AB2C54061F95F7A900582140 /* readme.md in Sources */ = {isa = PBXBuildFile; fileRef = AB2C54051F95F7A900582140 /* readme.md */; };
		AB900C211F5D7DFD00860F73 /* AppDelegate.swift in Sources */ = {isa = PBXBuildFile; fileRef = AB900C201F5D7DFD00860F73 /* AppDelegate.swift */; };
		AB900C231F5D7DFD00860F73 /* ViewController.swift in Sources */ = {isa = PBXBuildFile; fileRef = AB900C221F5D7DFD00860F73 /* ViewController.swift */; };
		AB900C261F5D7DFD00860F73 /* Main.storyboard in Resources */ = {isa = PBXBuildFile; fileRef = AB900C241F5D7DFD00860F73 /* Main.storyboard */; };
		AB900C281F5D7DFD00860F73 /* Assets.xcassets in Resources */ = {isa = PBXBuildFile; fileRef = AB900C271F5D7DFD00860F73 /* Assets.xcassets */; };
		AB900C2B1F5D7DFD00860F73 /* LaunchScreen.storyboard in Resources */ = {isa = PBXBuildFile; fileRef = AB900C291F5D7DFD00860F73 /* LaunchScreen.storyboard */; };
		AB900C361F5D7DFD00860F73 /* lyraInAppDemoTests.swift in Sources */ = {isa = PBXBuildFile; fileRef = AB900C351F5D7DFD00860F73 /* lyraInAppDemoTests.swift */; };
		AB900C411F5D7DFD00860F73 /* lyraInAppDemoUITests.swift in Sources */ = {isa = PBXBuildFile; fileRef = AB900C401F5D7DFD00860F73 /* lyraInAppDemoUITests.swift */; };
		AB900C501F5E8D0B00860F73 /* PaymentService.swift in Sources */ = {isa = PBXBuildFile; fileRef = AB900C4F1F5E8D0B00860F73 /* PaymentService.swift */; };
		AB900C521F5E9BE900860F73 /* SuccessViewController.swift in Sources */ = {isa = PBXBuildFile; fileRef = AB900C511F5E9BE900860F73 /* SuccessViewController.swift */; };
		AB900C541F5E9EB600860F73 /* ErrorViewController.swift in Sources */ = {isa = PBXBuildFile; fileRef = AB900C531F5E9EB600860F73 /* ErrorViewController.swift */; };
		AB900C5A1F6026F900860F73 /* Utils.swift in Sources */ = {isa = PBXBuildFile; fileRef = AB900C591F6026F900860F73 /* Utils.swift */; };
		AB900C5C1F60288100860F73 /* WebviewUrlUtil.swift in Sources */ = {isa = PBXBuildFile; fileRef = AB900C5B1F60288100860F73 /* WebviewUrlUtil.swift */; };
		AB900C5E1F61254600860F73 /* Translator.swift in Sources */ = {isa = PBXBuildFile; fileRef = AB900C5D1F61254600860F73 /* Translator.swift */; };
		ABA4A0281F7E48CC00AEE35C /* ProgressHUD.swift in Sources */ = {isa = PBXBuildFile; fileRef = ABA4A0271F7E48CC00AEE35C /* ProgressHUD.swift */; };
/* End PBXBuildFile section */

/* Begin PBXContainerItemProxy section */
		AB900C321F5D7DFD00860F73 /* PBXContainerItemProxy */ = {
			isa = PBXContainerItemProxy;
			containerPortal = AB900C151F5D7DFC00860F73 /* Project object */;
			proxyType = 1;
			remoteGlobalIDString = AB900C1C1F5D7DFC00860F73;
			remoteInfo = lyraInAppDemo;
		};
		AB900C3D1F5D7DFD00860F73 /* PBXContainerItemProxy */ = {
			isa = PBXContainerItemProxy;
			containerPortal = AB900C151F5D7DFC00860F73 /* Project object */;
			proxyType = 1;
			remoteGlobalIDString = AB900C1C1F5D7DFC00860F73;
			remoteInfo = lyraInAppDemo;
		};
/* End PBXContainerItemProxy section */

/* Begin PBXFileReference section */
		AB2C537B1F8B67DA00582140 /* WebviewViewController.swift */ = {isa = PBXFileReference; fileEncoding = 4; lastKnownFileType = sourcecode.swift; path = WebviewViewController.swift; sourceTree = "<group>"; };
		AB2C54051F95F7A900582140 /* readme.md */ = {isa = PBXFileReference; fileEncoding = 4; lastKnownFileType = net.daringfireball.markdown; path = readme.md; sourceTree = "<group>"; };
		AB900C1D1F5D7DFC00860F73 /* lyraInAppDemo.app */ = {isa = PBXFileReference; explicitFileType = wrapper.application; includeInIndex = 0; path = lyraInAppDemo.app; sourceTree = BUILT_PRODUCTS_DIR; };
		AB900C201F5D7DFD00860F73 /* AppDelegate.swift */ = {isa = PBXFileReference; lastKnownFileType = sourcecode.swift; path = AppDelegate.swift; sourceTree = "<group>"; };
		AB900C221F5D7DFD00860F73 /* ViewController.swift */ = {isa = PBXFileReference; lastKnownFileType = sourcecode.swift; path = ViewController.swift; sourceTree = "<group>"; };
		AB900C251F5D7DFD00860F73 /* Base */ = {isa = PBXFileReference; lastKnownFileType = file.storyboard; name = Base; path = Base.lproj/Main.storyboard; sourceTree = "<group>"; };
		AB900C271F5D7DFD00860F73 /* Assets.xcassets */ = {isa = PBXFileReference; lastKnownFileType = folder.assetcatalog; path = Assets.xcassets; sourceTree = "<group>"; };
		AB900C2A1F5D7DFD00860F73 /* Base */ = {isa = PBXFileReference; lastKnownFileType = file.storyboard; name = Base; path = Base.lproj/LaunchScreen.storyboard; sourceTree = "<group>"; };
		AB900C2C1F5D7DFD00860F73 /* Info.plist */ = {isa = PBXFileReference; lastKnownFileType = text.plist.xml; path = Info.plist; sourceTree = "<group>"; };
		AB900C311F5D7DFD00860F73 /* lyraInAppDemoTests.xctest */ = {isa = PBXFileReference; explicitFileType = wrapper.cfbundle; includeInIndex = 0; path = lyraInAppDemoTests.xctest; sourceTree = BUILT_PRODUCTS_DIR; };
		AB900C351F5D7DFD00860F73 /* lyraInAppDemoTests.swift */ = {isa = PBXFileReference; lastKnownFileType = sourcecode.swift; path = lyraInAppDemoTests.swift; sourceTree = "<group>"; };
		AB900C371F5D7DFD00860F73 /* Info.plist */ = {isa = PBXFileReference; lastKnownFileType = text.plist.xml; path = Info.plist; sourceTree = "<group>"; };
		AB900C3C1F5D7DFD00860F73 /* lyraInAppDemoUITests.xctest */ = {isa = PBXFileReference; explicitFileType = wrapper.cfbundle; includeInIndex = 0; path = lyraInAppDemoUITests.xctest; sourceTree = BUILT_PRODUCTS_DIR; };
		AB900C401F5D7DFD00860F73 /* lyraInAppDemoUITests.swift */ = {isa = PBXFileReference; lastKnownFileType = sourcecode.swift; path = lyraInAppDemoUITests.swift; sourceTree = "<group>"; };
		AB900C421F5D7DFD00860F73 /* Info.plist */ = {isa = PBXFileReference; lastKnownFileType = text.plist.xml; path = Info.plist; sourceTree = "<group>"; };
		AB900C4F1F5E8D0B00860F73 /* PaymentService.swift */ = {isa = PBXFileReference; fileEncoding = 4; lastKnownFileType = sourcecode.swift; path = PaymentService.swift; sourceTree = "<group>"; };
		AB900C511F5E9BE900860F73 /* SuccessViewController.swift */ = {isa = PBXFileReference; fileEncoding = 4; lastKnownFileType = sourcecode.swift; path = SuccessViewController.swift; sourceTree = "<group>"; };
		AB900C531F5E9EB600860F73 /* ErrorViewController.swift */ = {isa = PBXFileReference; fileEncoding = 4; lastKnownFileType = sourcecode.swift; path = ErrorViewController.swift; sourceTree = "<group>"; };
		AB900C551F60030800860F73 /* lyraInAppDemo.entitlements */ = {isa = PBXFileReference; lastKnownFileType = text.plist.entitlements; path = lyraInAppDemo.entitlements; sourceTree = "<group>"; };
		AB900C591F6026F900860F73 /* Utils.swift */ = {isa = PBXFileReference; fileEncoding = 4; lastKnownFileType = sourcecode.swift; path = Utils.swift; sourceTree = "<group>"; };
		AB900C5B1F60288100860F73 /* WebviewUrlUtil.swift */ = {isa = PBXFileReference; fileEncoding = 4; lastKnownFileType = sourcecode.swift; path = WebviewUrlUtil.swift; sourceTree = "<group>"; };
		AB900C5D1F61254600860F73 /* Translator.swift */ = {isa = PBXFileReference; fileEncoding = 4; lastKnownFileType = sourcecode.swift; path = Translator.swift; sourceTree = "<group>"; };
		ABA4A0231F7A3B4300AEE35C /* fr */ = {isa = PBXFileReference; lastKnownFileType = text.plist.strings; name = fr; path = fr.lproj/Main.strings; sourceTree = "<group>"; };
		ABA4A0241F7A3B4400AEE35C /* fr */ = {isa = PBXFileReference; lastKnownFileType = text.plist.strings; name = fr; path = fr.lproj/LaunchScreen.strings; sourceTree = "<group>"; };
		ABA4A0251F7A3B7400AEE35C /* es */ = {isa = PBXFileReference; lastKnownFileType = text.plist.strings; name = es; path = es.lproj/Main.strings; sourceTree = "<group>"; };
		ABA4A0261F7A3B7400AEE35C /* es */ = {isa = PBXFileReference; lastKnownFileType = text.plist.strings; name = es; path = es.lproj/LaunchScreen.strings; sourceTree = "<group>"; };
		ABA4A0271F7E48CC00AEE35C /* ProgressHUD.swift */ = {isa = PBXFileReference; fileEncoding = 4; lastKnownFileType = sourcecode.swift; path = ProgressHUD.swift; sourceTree = "<group>"; };
/* End PBXFileReference section */

/* Begin PBXFrameworksBuildPhase section */
		AB900C1A1F5D7DFC00860F73 /* Frameworks */ = {
			isa = PBXFrameworksBuildPhase;
			buildActionMask = 2147483647;
			files = (
			);
			runOnlyForDeploymentPostprocessing = 0;
		};
		AB900C2E1F5D7DFD00860F73 /* Frameworks */ = {
			isa = PBXFrameworksBuildPhase;
			buildActionMask = 2147483647;
			files = (
			);
			runOnlyForDeploymentPostprocessing = 0;
		};
		AB900C391F5D7DFD00860F73 /* Frameworks */ = {
			isa = PBXFrameworksBuildPhase;
			buildActionMask = 2147483647;
			files = (
			);
			runOnlyForDeploymentPostprocessing = 0;
		};
/* End PBXFrameworksBuildPhase section */

/* Begin PBXGroup section */
		AB900C141F5D7DFC00860F73 = {
			isa = PBXGroup;
			children = (
				AB2C54051F95F7A900582140 /* readme.md */,
				AB900C1F1F5D7DFC00860F73 /* lyraInAppDemo */,
				AB900C341F5D7DFD00860F73 /* lyraInAppDemoTests */,
				AB900C3F1F5D7DFD00860F73 /* lyraInAppDemoUITests */,
				AB900C1E1F5D7DFC00860F73 /* Products */,
				AB900C5F1F6FFDD600860F73 /* Frameworks */,
			);
			sourceTree = "<group>";
		};
		AB900C1E1F5D7DFC00860F73 /* Products */ = {
			isa = PBXGroup;
			children = (
				AB900C1D1F5D7DFC00860F73 /* lyraInAppDemo.app */,
				AB900C311F5D7DFD00860F73 /* lyraInAppDemoTests.xctest */,
				AB900C3C1F5D7DFD00860F73 /* lyraInAppDemoUITests.xctest */,
			);
			name = Products;
			sourceTree = "<group>";
		};
		AB900C1F1F5D7DFC00860F73 /* lyraInAppDemo */ = {
			isa = PBXGroup;
			children = (
				AB900C561F60252100860F73 /* Utils */,
				AB900C551F60030800860F73 /* lyraInAppDemo.entitlements */,
				AB900C4E1F5E8CBE00860F73 /* WebviewServices */,
				AB900C201F5D7DFD00860F73 /* AppDelegate.swift */,
				AB900C221F5D7DFD00860F73 /* ViewController.swift */,
				AB900C241F5D7DFD00860F73 /* Main.storyboard */,
				AB900C271F5D7DFD00860F73 /* Assets.xcassets */,
				AB900C291F5D7DFD00860F73 /* LaunchScreen.storyboard */,
				AB900C2C1F5D7DFD00860F73 /* Info.plist */,
				AB900C511F5E9BE900860F73 /* SuccessViewController.swift */,
				AB900C531F5E9EB600860F73 /* ErrorViewController.swift */,
				AB2C537B1F8B67DA00582140 /* WebviewViewController.swift */,
			);
			path = lyraInAppDemo;
			sourceTree = "<group>";
		};
		AB900C341F5D7DFD00860F73 /* lyraInAppDemoTests */ = {
			isa = PBXGroup;
			children = (
				AB900C351F5D7DFD00860F73 /* lyraInAppDemoTests.swift */,
				AB900C371F5D7DFD00860F73 /* Info.plist */,
			);
			path = lyraInAppDemoTests;
			sourceTree = "<group>";
		};
		AB900C3F1F5D7DFD00860F73 /* lyraInAppDemoUITests */ = {
			isa = PBXGroup;
			children = (
				AB900C401F5D7DFD00860F73 /* lyraInAppDemoUITests.swift */,
				AB900C421F5D7DFD00860F73 /* Info.plist */,
			);
			path = lyraInAppDemoUITests;
			sourceTree = "<group>";
		};
		AB900C4E1F5E8CBE00860F73 /* WebviewServices */ = {
			isa = PBXGroup;
			children = (
				AB900C5B1F60288100860F73 /* WebviewUrlUtil.swift */,
				AB900C4F1F5E8D0B00860F73 /* PaymentService.swift */,
			);
			name = WebviewServices;
			sourceTree = "<group>";
		};
		AB900C561F60252100860F73 /* Utils */ = {
			isa = PBXGroup;
			children = (
				AB900C591F6026F900860F73 /* Utils.swift */,
				AB900C5D1F61254600860F73 /* Translator.swift */,
				ABA4A0271F7E48CC00AEE35C /* ProgressHUD.swift */,
			);
			name = Utils;
			sourceTree = "<group>";
		};
		AB900C5F1F6FFDD600860F73 /* Frameworks */ = {
			isa = PBXGroup;
			children = (
			);
			name = Frameworks;
			sourceTree = "<group>";
		};
/* End PBXGroup section */

/* Begin PBXNativeTarget section */
		AB900C1C1F5D7DFC00860F73 /* lyraInAppDemo */ = {
			isa = PBXNativeTarget;
			buildConfigurationList = AB900C451F5D7DFD00860F73 /* Build configuration list for PBXNativeTarget "lyraInAppDemo" */;
			buildPhases = (
				AB900C191F5D7DFC00860F73 /* Sources */,
				AB900C1A1F5D7DFC00860F73 /* Frameworks */,
				AB900C1B1F5D7DFC00860F73 /* Resources */,
			);
			buildRules = (
			);
			dependencies = (
			);
			name = lyraInAppDemo;
			productName = lyraInAppDemo;
			productReference = AB900C1D1F5D7DFC00860F73 /* lyraInAppDemo.app */;
			productType = "com.apple.product-type.application";
		};
		AB900C301F5D7DFD00860F73 /* lyraInAppDemoTests */ = {
			isa = PBXNativeTarget;
			buildConfigurationList = AB900C481F5D7DFD00860F73 /* Build configuration list for PBXNativeTarget "lyraInAppDemoTests" */;
			buildPhases = (
				AB900C2D1F5D7DFD00860F73 /* Sources */,
				AB900C2E1F5D7DFD00860F73 /* Frameworks */,
				AB900C2F1F5D7DFD00860F73 /* Resources */,
			);
			buildRules = (
			);
			dependencies = (
				AB900C331F5D7DFD00860F73 /* PBXTargetDependency */,
			);
			name = lyraInAppDemoTests;
			productName = lyraInAppDemoTests;
			productReference = AB900C311F5D7DFD00860F73 /* lyraInAppDemoTests.xctest */;
			productType = "com.apple.product-type.bundle.unit-test";
		};
		AB900C3B1F5D7DFD00860F73 /* lyraInAppDemoUITests */ = {
			isa = PBXNativeTarget;
			buildConfigurationList = AB900C4B1F5D7DFD00860F73 /* Build configuration list for PBXNativeTarget "lyraInAppDemoUITests" */;
			buildPhases = (
				AB900C381F5D7DFD00860F73 /* Sources */,
				AB900C391F5D7DFD00860F73 /* Frameworks */,
				AB900C3A1F5D7DFD00860F73 /* Resources */,
			);
			buildRules = (
			);
			dependencies = (
				AB900C3E1F5D7DFD00860F73 /* PBXTargetDependency */,
			);
			name = lyraInAppDemoUITests;
			productName = lyraInAppDemoUITests;
			productReference = AB900C3C1F5D7DFD00860F73 /* lyraInAppDemoUITests.xctest */;
			productType = "com.apple.product-type.bundle.ui-testing";
		};
/* End PBXNativeTarget section */

/* Begin PBXProject section */
		AB900C151F5D7DFC00860F73 /* Project object */ = {
			isa = PBXProject;
			attributes = {
				LastSwiftUpdateCheck = 0830;
				LastUpgradeCheck = 0830;
				ORGANIZATIONNAME = "Lyra Network";
				TargetAttributes = {
					AB900C1C1F5D7DFC00860F73 = {
						CreatedOnToolsVersion = 8.3.1;
						DevelopmentTeam = YNB6GZCAPQ;
						ProvisioningStyle = Automatic;
						SystemCapabilities = {
							com.apple.ApplePay = {
								enabled = 1;
							};
							com.apple.Push = {
								enabled = 0;
							};
							com.apple.iCloud = {
								enabled = 0;
							};
						};
					};
					AB900C301F5D7DFD00860F73 = {
						CreatedOnToolsVersion = 8.3.1;
						DevelopmentTeam = V742Z642ZW;
						ProvisioningStyle = Automatic;
						TestTargetID = AB900C1C1F5D7DFC00860F73;
					};
					AB900C3B1F5D7DFD00860F73 = {
						CreatedOnToolsVersion = 8.3.1;
						DevelopmentTeam = V742Z642ZW;
						ProvisioningStyle = Automatic;
						TestTargetID = AB900C1C1F5D7DFC00860F73;
					};
				};
			};
			buildConfigurationList = AB900C181F5D7DFC00860F73 /* Build configuration list for PBXProject "lyraInAppDemo" */;
			compatibilityVersion = "Xcode 3.2";
			developmentRegion = English;
			hasScannedForEncodings = 0;
			knownRegions = (
				en,
				Base,
			);
			mainGroup = AB900C141F5D7DFC00860F73;
			productRefGroup = AB900C1E1F5D7DFC00860F73 /* Products */;
			projectDirPath = "";
			projectRoot = "";
			targets = (
				AB900C1C1F5D7DFC00860F73 /* lyraInAppDemo */,
				AB900C301F5D7DFD00860F73 /* lyraInAppDemoTests */,
				AB900C3B1F5D7DFD00860F73 /* lyraInAppDemoUITests */,
			);
		};
/* End PBXProject section */

/* Begin PBXResourcesBuildPhase section */
		AB900C1B1F5D7DFC00860F73 /* Resources */ = {
			isa = PBXResourcesBuildPhase;
			buildActionMask = 2147483647;
			files = (
				AB900C2B1F5D7DFD00860F73 /* LaunchScreen.storyboard in Resources */,
				AB900C281F5D7DFD00860F73 /* Assets.xcassets in Resources */,
				AB900C261F5D7DFD00860F73 /* Main.storyboard in Resources */,
			);
			runOnlyForDeploymentPostprocessing = 0;
		};
		AB900C2F1F5D7DFD00860F73 /* Resources */ = {
			isa = PBXResourcesBuildPhase;
			buildActionMask = 2147483647;
			files = (
			);
			runOnlyForDeploymentPostprocessing = 0;
		};
		AB900C3A1F5D7DFD00860F73 /* Resources */ = {
			isa = PBXResourcesBuildPhase;
			buildActionMask = 2147483647;
			files = (
			);
			runOnlyForDeploymentPostprocessing = 0;
		};
/* End PBXResourcesBuildPhase section */

/* Begin PBXSourcesBuildPhase section */
		AB900C191F5D7DFC00860F73 /* Sources */ = {
			isa = PBXSourcesBuildPhase;
			buildActionMask = 2147483647;
			files = (
				AB900C231F5D7DFD00860F73 /* ViewController.swift in Sources */,
				AB900C5C1F60288100860F73 /* WebviewUrlUtil.swift in Sources */,
				AB2C54061F95F7A900582140 /* readme.md in Sources */,
				AB900C501F5E8D0B00860F73 /* PaymentService.swift in Sources */,
				AB900C5E1F61254600860F73 /* Translator.swift in Sources */,
				AB900C5A1F6026F900860F73 /* Utils.swift in Sources */,
				AB900C541F5E9EB600860F73 /* ErrorViewController.swift in Sources */,
				AB900C521F5E9BE900860F73 /* SuccessViewController.swift in Sources */,
				ABA4A0281F7E48CC00AEE35C /* ProgressHUD.swift in Sources */,
				AB2C537C1F8B67DA00582140 /* WebviewViewController.swift in Sources */,
				AB900C211F5D7DFD00860F73 /* AppDelegate.swift in Sources */,
			);
			runOnlyForDeploymentPostprocessing = 0;
		};
		AB900C2D1F5D7DFD00860F73 /* Sources */ = {
			isa = PBXSourcesBuildPhase;
			buildActionMask = 2147483647;
			files = (
				AB900C361F5D7DFD00860F73 /* lyraInAppDemoTests.swift in Sources */,
			);
			runOnlyForDeploymentPostprocessing = 0;
		};
		AB900C381F5D7DFD00860F73 /* Sources */ = {
			isa = PBXSourcesBuildPhase;
			buildActionMask = 2147483647;
			files = (
				AB900C411F5D7DFD00860F73 /* lyraInAppDemoUITests.swift in Sources */,
			);
			runOnlyForDeploymentPostprocessing = 0;
		};
/* End PBXSourcesBuildPhase section */

/* Begin PBXTargetDependency section */
		AB900C331F5D7DFD00860F73 /* PBXTargetDependency */ = {
			isa = PBXTargetDependency;
			target = AB900C1C1F5D7DFC00860F73 /* lyraInAppDemo */;
			targetProxy = AB900C321F5D7DFD00860F73 /* PBXContainerItemProxy */;
		};
		AB900C3E1F5D7DFD00860F73 /* PBXTargetDependency */ = {
			isa = PBXTargetDependency;
			target = AB900C1C1F5D7DFC00860F73 /* lyraInAppDemo */;
			targetProxy = AB900C3D1F5D7DFD00860F73 /* PBXContainerItemProxy */;
		};
/* End PBXTargetDependency section */

/* Begin PBXVariantGroup section */
		AB900C241F5D7DFD00860F73 /* Main.storyboard */ = {
			isa = PBXVariantGroup;
			children = (
				AB900C251F5D7DFD00860F73 /* Base */,
				ABA4A0231F7A3B4300AEE35C /* fr */,
				ABA4A0251F7A3B7400AEE35C /* es */,
			);
			name = Main.storyboard;
			sourceTree = "<group>";
		};
		AB900C291F5D7DFD00860F73 /* LaunchScreen.storyboard */ = {
			isa = PBXVariantGroup;
			children = (
				AB900C2A1F5D7DFD00860F73 /* Base */,
				ABA4A0241F7A3B4400AEE35C /* fr */,
				ABA4A0261F7A3B7400AEE35C /* es */,
			);
			name = LaunchScreen.storyboard;
			sourceTree = "<group>";
		};
/* End PBXVariantGroup section */

/* Begin XCBuildConfiguration section */
		AB900C431F5D7DFD00860F73 /* Debug */ = {
			isa = XCBuildConfiguration;
			buildSettings = {
				ALWAYS_SEARCH_USER_PATHS = NO;
				CLANG_ANALYZER_LOCALIZABILITY_NONLOCALIZED = YES;
				CLANG_ANALYZER_NONNULL = YES;
				CLANG_ANALYZER_NUMBER_OBJECT_CONVERSION = YES_AGGRESSIVE;
				CLANG_CXX_LANGUAGE_STANDARD = "gnu++0x";
				CLANG_CXX_LIBRARY = "libc++";
				CLANG_ENABLE_MODULES = YES;
				CLANG_ENABLE_OBJC_ARC = YES;
				CLANG_WARN_BOOL_CONVERSION = YES;
				CLANG_WARN_CONSTANT_CONVERSION = YES;
				CLANG_WARN_DIRECT_OBJC_ISA_USAGE = YES_ERROR;
				CLANG_WARN_DOCUMENTATION_COMMENTS = YES;
				CLANG_WARN_EMPTY_BODY = YES;
				CLANG_WARN_ENUM_CONVERSION = YES;
				CLANG_WARN_INFINITE_RECURSION = YES;
				CLANG_WARN_INT_CONVERSION = YES;
				CLANG_WARN_OBJC_ROOT_CLASS = YES_ERROR;
				CLANG_WARN_SUSPICIOUS_MOVE = YES;
				CLANG_WARN_UNREACHABLE_CODE = YES;
				CLANG_WARN__DUPLICATE_METHOD_MATCH = YES;
				"CODE_SIGN_IDENTITY[sdk=iphoneos*]" = "iPhone Developer";
				COPY_PHASE_STRIP = NO;
				DEBUG_INFORMATION_FORMAT = dwarf;
				DEVELOPMENT_TEAM = V742Z642ZW;
				ENABLE_STRICT_OBJC_MSGSEND = YES;
				ENABLE_TESTABILITY = YES;
				GCC_C_LANGUAGE_STANDARD = gnu99;
				GCC_DYNAMIC_NO_PIC = NO;
				GCC_NO_COMMON_BLOCKS = YES;
				GCC_OPTIMIZATION_LEVEL = 0;
				GCC_PREPROCESSOR_DEFINITIONS = (
					"DEBUG=1",
					"$(inherited)",
				);
				GCC_WARN_64_TO_32_BIT_CONVERSION = YES;
				GCC_WARN_ABOUT_RETURN_TYPE = YES_ERROR;
				GCC_WARN_UNDECLARED_SELECTOR = YES;
				GCC_WARN_UNINITIALIZED_AUTOS = YES_AGGRESSIVE;
				GCC_WARN_UNUSED_FUNCTION = YES;
				GCC_WARN_UNUSED_VARIABLE = YES;
				IPHONEOS_DEPLOYMENT_TARGET = 10.3;
				MTL_ENABLE_DEBUG_INFO = YES;
				ONLY_ACTIVE_ARCH = YES;
				SDKROOT = iphoneos;
				SWIFT_ACTIVE_COMPILATION_CONDITIONS = DEBUG;
				SWIFT_OPTIMIZATION_LEVEL = "-Onone";
			};
			name = Debug;
		};
		AB900C441F5D7DFD00860F73 /* Release */ = {
			isa = XCBuildConfiguration;
			buildSettings = {
				ALWAYS_SEARCH_USER_PATHS = NO;
				CLANG_ANALYZER_LOCALIZABILITY_NONLOCALIZED = YES;
				CLANG_ANALYZER_NONNULL = YES;
				CLANG_ANALYZER_NUMBER_OBJECT_CONVERSION = YES_AGGRESSIVE;
				CLANG_CXX_LANGUAGE_STANDARD = "gnu++0x";
				CLANG_CXX_LIBRARY = "libc++";
				CLANG_ENABLE_MODULES = YES;
				CLANG_ENABLE_OBJC_ARC = YES;
				CLANG_WARN_BOOL_CONVERSION = YES;
				CLANG_WARN_CONSTANT_CONVERSION = YES;
				CLANG_WARN_DIRECT_OBJC_ISA_USAGE = YES_ERROR;
				CLANG_WARN_DOCUMENTATION_COMMENTS = YES;
				CLANG_WARN_EMPTY_BODY = YES;
				CLANG_WARN_ENUM_CONVERSION = YES;
				CLANG_WARN_INFINITE_RECURSION = YES;
				CLANG_WARN_INT_CONVERSION = YES;
				CLANG_WARN_OBJC_ROOT_CLASS = YES_ERROR;
				CLANG_WARN_SUSPICIOUS_MOVE = YES;
				CLANG_WARN_UNREACHABLE_CODE = YES;
				CLANG_WARN__DUPLICATE_METHOD_MATCH = YES;
				"CODE_SIGN_IDENTITY[sdk=iphoneos*]" = "iPhone Developer";
				COPY_PHASE_STRIP = NO;
				DEBUG_INFORMATION_FORMAT = "dwarf-with-dsym";
				DEVELOPMENT_TEAM = V742Z642ZW;
				ENABLE_NS_ASSERTIONS = NO;
				ENABLE_STRICT_OBJC_MSGSEND = YES;
				GCC_C_LANGUAGE_STANDARD = gnu99;
				GCC_NO_COMMON_BLOCKS = YES;
				GCC_WARN_64_TO_32_BIT_CONVERSION = YES;
				GCC_WARN_ABOUT_RETURN_TYPE = YES_ERROR;
				GCC_WARN_UNDECLARED_SELECTOR = YES;
				GCC_WARN_UNINITIALIZED_AUTOS = YES_AGGRESSIVE;
				GCC_WARN_UNUSED_FUNCTION = YES;
				GCC_WARN_UNUSED_VARIABLE = YES;
				IPHONEOS_DEPLOYMENT_TARGET = 10.3;
				MTL_ENABLE_DEBUG_INFO = NO;
				SDKROOT = iphoneos;
				SWIFT_OPTIMIZATION_LEVEL = "-Owholemodule";
				VALIDATE_PRODUCT = YES;
			};
			name = Release;
		};
		AB900C461F5D7DFD00860F73 /* Debug */ = {
			isa = XCBuildConfiguration;
			buildSettings = {
				ASSETCATALOG_COMPILER_APPICON_NAME = AppIcon;
				CODE_SIGN_ENTITLEMENTS = lyraInAppDemo/lyraInAppDemo.entitlements;
				"CODE_SIGN_IDENTITY[sdk=iphoneos*]" = "iPhone Developer";
				DEVELOPMENT_TEAM = YNB6GZCAPQ;
				INFOPLIST_FILE = lyraInAppDemo/Info.plist;
				IPHONEOS_DEPLOYMENT_TARGET = 9.3;
				LD_RUNPATH_SEARCH_PATHS = "$(inherited) @executable_path/Frameworks";
				PRODUCT_BUNDLE_IDENTIFIER = com.lyra.demo.payment;
				PRODUCT_NAME = "$(TARGET_NAME)";
				PROVISIONING_PROFILE = "";
				PROVISIONING_PROFILE_SPECIFIER = "";
				SWIFT_VERSION = 3.0;
			};
			name = Debug;
		};
		AB900C471F5D7DFD00860F73 /* Release */ = {
			isa = XCBuildConfiguration;
			buildSettings = {
				ASSETCATALOG_COMPILER_APPICON_NAME = AppIcon;
				CODE_SIGN_ENTITLEMENTS = lyraInAppDemo/lyraInAppDemo.entitlements;
				"CODE_SIGN_IDENTITY[sdk=iphoneos*]" = "iPhone Developer";
				DEVELOPMENT_TEAM = YNB6GZCAPQ;
				INFOPLIST_FILE = lyraInAppDemo/Info.plist;
				IPHONEOS_DEPLOYMENT_TARGET = 9.3;
				LD_RUNPATH_SEARCH_PATHS = "$(inherited) @executable_path/Frameworks";
				PRODUCT_BUNDLE_IDENTIFIER = com.lyra.demo.payment;
				PRODUCT_NAME = "$(TARGET_NAME)";
				PROVISIONING_PROFILE_SPECIFIER = "";
				SWIFT_VERSION = 3.0;
			};
			name = Release;
		};
		AB900C491F5D7DFD00860F73 /* Debug */ = {
			isa = XCBuildConfiguration;
			buildSettings = {
				ALWAYS_EMBED_SWIFT_STANDARD_LIBRARIES = YES;
				BUNDLE_LOADER = "$(TEST_HOST)";
				INFOPLIST_FILE = lyraInAppDemoTests/Info.plist;
				LD_RUNPATH_SEARCH_PATHS = "$(inherited) @executable_path/Frameworks @loader_path/Frameworks";
				PRODUCT_BUNDLE_IDENTIFIER = com.lyra.lyraInAppDemoTests;
				PRODUCT_NAME = "$(TARGET_NAME)";
				SWIFT_VERSION = 3.0;
				TEST_HOST = "$(BUILT_PRODUCTS_DIR)/lyraInAppDemo.app/lyraInAppDemo";
			};
			name = Debug;
		};
		AB900C4A1F5D7DFD00860F73 /* Release */ = {
			isa = XCBuildConfiguration;
			buildSettings = {
				ALWAYS_EMBED_SWIFT_STANDARD_LIBRARIES = YES;
				BUNDLE_LOADER = "$(TEST_HOST)";
				INFOPLIST_FILE = lyraInAppDemoTests/Info.plist;
				LD_RUNPATH_SEARCH_PATHS = "$(inherited) @executable_path/Frameworks @loader_path/Frameworks";
				PRODUCT_BUNDLE_IDENTIFIER = com.lyra.lyraInAppDemoTests;
				PRODUCT_NAME = "$(TARGET_NAME)";
				SWIFT_VERSION = 3.0;
				TEST_HOST = "$(BUILT_PRODUCTS_DIR)/lyraInAppDemo.app/lyraInAppDemo";
			};
			name = Release;
		};
		AB900C4C1F5D7DFD00860F73 /* Debug */ = {
			isa = XCBuildConfiguration;
			buildSettings = {
				ALWAYS_EMBED_SWIFT_STANDARD_LIBRARIES = YES;
				INFOPLIST_FILE = lyraInAppDemoUITests/Info.plist;
				LD_RUNPATH_SEARCH_PATHS = "$(inherited) @executable_path/Frameworks @loader_path/Frameworks";
				PRODUCT_BUNDLE_IDENTIFIER = com.lyra.lyraInAppDemoUITests;
				PRODUCT_NAME = "$(TARGET_NAME)";
				SWIFT_VERSION = 3.0;
				TEST_TARGET_NAME = lyraInAppDemo;
			};
			name = Debug;
		};
		AB900C4D1F5D7DFD00860F73 /* Release */ = {
			isa = XCBuildConfiguration;
			buildSettings = {
				ALWAYS_EMBED_SWIFT_STANDARD_LIBRARIES = YES;
				INFOPLIST_FILE = lyraInAppDemoUITests/Info.plist;
				LD_RUNPATH_SEARCH_PATHS = "$(inherited) @executable_path/Frameworks @loader_path/Frameworks";
				PRODUCT_BUNDLE_IDENTIFIER = com.lyra.lyraInAppDemoUITests;
				PRODUCT_NAME = "$(TARGET_NAME)";
				SWIFT_VERSION = 3.0;
				TEST_TARGET_NAME = lyraInAppDemo;
			};
			name = Release;
		};
/* End XCBuildConfiguration section */

/* Begin XCConfigurationList section */
		AB900C181F5D7DFC00860F73 /* Build configuration list for PBXProject "lyraInAppDemo" */ = {
			isa = XCConfigurationList;
			buildConfigurations = (
				AB900C431F5D7DFD00860F73 /* Debug */,
				AB900C441F5D7DFD00860F73 /* Release */,
			);
			defaultConfigurationIsVisible = 0;
			defaultConfigurationName = Release;
		};
		AB900C451F5D7DFD00860F73 /* Build configuration list for PBXNativeTarget "lyraInAppDemo" */ = {
			isa = XCConfigurationList;
			buildConfigurations = (
				AB900C461F5D7DFD00860F73 /* Debug */,
				AB900C471F5D7DFD00860F73 /* Release */,
			);
			defaultConfigurationIsVisible = 0;
			defaultConfigurationName = Release;
		};
		AB900C481F5D7DFD00860F73 /* Build configuration list for PBXNativeTarget "lyraInAppDemoTests" */ = {
			isa = XCConfigurationList;
			buildConfigurations = (
				AB900C491F5D7DFD00860F73 /* Debug */,
				AB900C4A1F5D7DFD00860F73 /* Release */,
			);
			defaultConfigurationIsVisible = 0;
			defaultConfigurationName = Release;
		};
		AB900C4B1F5D7DFD00860F73 /* Build configuration list for PBXNativeTarget "lyraInAppDemoUITests" */ = {
			isa = XCConfigurationList;
			buildConfigurations = (
				AB900C4C1F5D7DFD00860F73 /* Debug */,
				AB900C4D1F5D7DFD00860F73 /* Release */,
			);
			defaultConfigurationIsVisible = 0;
			defaultConfigurationName = Release;
		};
/* End XCConfigurationList section */
	};
	rootObject = AB900C151F5D7DFC00860F73 /* Project object */;
}
